
Microsoft Visual Studio Solution File, Format Version 12.00
# Visual Studio Version 17
VisualStudioVersion = 17.8.34511.84
MinimumVisualStudioVersion = 10.0.40219.1
Project("{FAE04EC0-301F-11D3-BF4B-00C04F79EFBC}") = "CS_Practices", "CS_Practices\CS_Practices.csproj", "{00B3FB73-6201-4697-92F3-4DB57776F2EE}"
EndProject
Global
	GlobalSection(SolutionConfigurationPlatforms) = preSolution
		Debug|Any CPU = Debug|Any CPU
		Release|Any CPU = Release|Any CPU
	EndGlobalSection
	GlobalSection(ProjectConfigurationPlatforms) = postSolution
		{00B3FB73-6201-4697-92F3-4DB57776F2EE}.Debug|Any CPU.ActiveCfg = Debug|Any CPU
		{00B3FB73-6201-4697-92F3-4DB57776F2EE}.Debug|Any CPU.Build.0 = Debug|Any CPU
		{00B3FB73-6201-4697-92F3-4DB57776F2EE}.Release|Any CPU.ActiveCfg = Release|Any CPU
		{00B3FB73-6201-4697-92F3-4DB57776F2EE}.Release|Any CPU.Build.0 = Release|Any CPU
	EndGlobalSection
	GlobalSection(SolutionProperties) = preSolution
		HideSolutionNode = FALSE
	EndGlobalSection
	GlobalSection(ExtensibilityGlobals) = postSolution
		SolutionGuid = {4160275D-C704-4AD7-A5A7-89AE79CE8912}
	EndGlobalSection
EndGlobal
